
Microsoft Visual Studio Solution File, Format Version 12.00
# Visual Studio Version 17
VisualStudioVersion = 17.9.34714.143
MinimumVisualStudioVersion = 10.0.40219.1
Project("{9A19103F-16F7-4668-BE54-9A1E7A4F7556}") = "01_Algoritma", "01_Algoritma\01_Algoritma.csproj", "{9501F95D-FFA6-4C37-AD6F-63E628676FDC}"
EndProject
Project("{9A19103F-16F7-4668-BE54-9A1E7A4F7556}") = "02_Degisken_Veritipleri", "02_Degisken_Veritipleri\02_Degisken_Veritipleri.csproj", "{AE9F3FDC-453B-4405-AFFF-2C2CD57208EA}"
EndProject
Project("{9A19103F-16F7-4668-BE54-9A1E7A4F7556}") = "03_Operatorler", "03_Operatorler\03_Operatorler.csproj", "{D2688FAD-DC3E-4672-B280-75D694A565E3}"
EndProject
Project("{9A19103F-16F7-4668-BE54-9A1E7A4F7556}") = "04_TurDonusumleri", "04_TurDonusumleri\04_TurDonusumleri.csproj", "{F7AFFCDD-9D2F-43B3-A54D-D804B46A349A}"
EndProject
Project("{9A19103F-16F7-4668-BE54-9A1E7A4F7556}") = "05_If_ElseIf_Else", "05_If_ElseIf_Else\05_If_ElseIf_Else.csproj", "{155A8F26-F286-44E3-A24B-2EE746F726D2}"
EndProject
Project("{9A19103F-16F7-4668-BE54-9A1E7A4F7556}") = "06_Switch_Case", "06_Switch_Case\06_Switch_Case.csproj", "{7D2923E5-733E-473E-B23C-B6221873BB22}"
EndProject
Project("{9A19103F-16F7-4668-BE54-9A1E7A4F7556}") = "07_DoWhile_Loop", "07_DoWhile_Loop\07_DoWhile_Loop.csproj", "{B8EC7394-9C53-4550-9BDE-B8FBA8597710}"
EndProject
Project("{9A19103F-16F7-4668-BE54-9A1E7A4F7556}") = "07_For_Loop", "07_For_Loop\07_For_Loop.csproj", "{E9820054-4869-4DCC-9B05-4FAD5E6AAFFD}"
EndProject
Project("{9A19103F-16F7-4668-BE54-9A1E7A4F7556}") = "07_While_Loop", "07_While_Loop\07_While_Loop.csproj", "{9EC85B91-78E0-48D5-BA6B-94CDBE4179F2}"
EndProject
Project("{9A19103F-16F7-4668-BE54-9A1E7A4F7556}") = "08_Try_Catch", "08_Try_Catch\08_Try_Catch.csproj", "{6E798D0B-3725-4777-8532-1CD23DC22EC8}"
EndProject
Project("{9A19103F-16F7-4668-BE54-9A1E7A4F7556}") = "09_Bankamatik", "09_Bankamatik\09_Bankamatik.csproj", "{18BFF684-E7CE-4C1E-A620-02B1FFAC9011}"
EndProject
Project("{9A19103F-16F7-4668-BE54-9A1E7A4F7556}") = "10_Arrays", "10_Arrays\10_Arrays.csproj", "{BF647586-F72C-46C2-B3F6-F5380F051099}"
EndProject
Project("{9A19103F-16F7-4668-BE54-9A1E7A4F7556}") = "11_Otomat_Makinesi", "11_Otomat_Makinesi\11_Otomat_Makinesi.csproj", "{A549FB18-AE20-44F2-86AD-E84E93AE9C72}"
EndProject
Project("{9A19103F-16F7-4668-BE54-9A1E7A4F7556}") = "12_Methods_1", "12_Methods_1\12_Methods_1.csproj", "{7022363C-24AD-4E43-BEC4-0D24C4396E7D}"
EndProject
Project("{9A19103F-16F7-4668-BE54-9A1E7A4F7556}") = "12_Methods_2", "12_Methods_2\12_Methods_2.csproj", "{AA745266-E956-41E6-B3C8-5C28CC3A5779}"
EndProject
Project("{9A19103F-16F7-4668-BE54-9A1E7A4F7556}") = "12_Methods_3", "12_Methods_3\12_Methods_3.csproj", "{5517ED97-1399-4A5F-8834-3EBC0F1AA763}"
EndProject
Project("{9A19103F-16F7-4668-BE54-9A1E7A4F7556}") = "12_Methods_4", "12_Methods_4\12_Methods_4.csproj", "{462CD1F8-5E29-43C4-B7B6-98A4D8184BAA}"
EndProject
Project("{9A19103F-16F7-4668-BE54-9A1E7A4F7556}") = "12_Methods_5", "12_Methods_5\12_Methods_5.csproj", "{8FAE4B88-D99B-4793-B98E-9A417A29F882}"
EndProject
Project("{9A19103F-16F7-4668-BE54-9A1E7A4F7556}") = "12_Methods_6", "12_Methods_6\12_Methods_6.csproj", "{83FCD21A-1CAE-4010-A1A5-7DE89CC5D135}"
EndProject
Project("{9A19103F-16F7-4668-BE54-9A1E7A4F7556}") = "12_Methods_7", "12_Methods_7\12_Methods_7.csproj", "{407901BC-878C-4021-9025-45F98F32C2F6}"
EndProject
Project("{9A19103F-16F7-4668-BE54-9A1E7A4F7556}") = "12_Methods_8", "12_Methods_8\12_Methods_8.csproj", "{E0193007-9494-4F4D-9242-493269308E5C}"
EndProject
Project("{9A19103F-16F7-4668-BE54-9A1E7A4F7556}") = "12_Methods_9", "12_Methods_9\12_Methods_9.csproj", "{544C5C1D-54C4-41E5-B43B-311070719B1B}"
EndProject
Project("{9A19103F-16F7-4668-BE54-9A1E7A4F7556}") = "12_Methods_10", "12_Methods_10\12_Methods_10.csproj", "{A7C44813-EA75-40AC-9191-DE1B670DFC27}"
EndProject
Project("{9A19103F-16F7-4668-BE54-9A1E7A4F7556}") = "13_ArrayList", "13_ArrayList\13_ArrayList.csproj", "{94D21123-AF6A-432B-A8AA-6842BC843C3F}"
EndProject
Project("{9A19103F-16F7-4668-BE54-9A1E7A4F7556}") = "13_Manav_Otomasyonu", "13_Manav_Otomasyonu\13_Manav_Otomasyonu.csproj", "{0929A11E-2CDA-450A-90B8-7B77F4C92157}"
EndProject
Project("{9A19103F-16F7-4668-BE54-9A1E7A4F7556}") = "14_SortedList_QueueList", "14_SortedList_QueueList\14_SortedList_QueueList.csproj", "{7E635C0E-BB02-45EC-867B-71C85B3C5E32}"
EndProject
Project("{9A19103F-16F7-4668-BE54-9A1E7A4F7556}") = "15_List", "15_List\15_List.csproj", "{76597E44-73A0-4DF9-9B53-BA50A019EC3A}"
EndProject
Project("{9A19103F-16F7-4668-BE54-9A1E7A4F7556}") = "16_OOP_1_this", "16_OOP_1_this\16_OOP_1_this.csproj", "{5323D118-190C-46FF-B0D7-40E1FF15612B}"
EndProject
Project("{9A19103F-16F7-4668-BE54-9A1E7A4F7556}") = "16_OOP_2_Constructor", "16_OOP_2_Constructor\16_OOP_2_Constructor.csproj", "{2C4EF377-DB46-4EFD-92FE-04CF0545C697}"
EndProject
Project("{9A19103F-16F7-4668-BE54-9A1E7A4F7556}") = "16_OOP_Araba", "16_OOP_Araba\16_OOP_Araba.csproj", "{94D20B1C-A64D-4A38-A9DE-98049780B32A}"
EndProject
Project("{9A19103F-16F7-4668-BE54-9A1E7A4F7556}") = "16_OOP_Restaurant", "16_OOP_Restaurant\16_OOP_Restaurant.csproj", "{10E6D081-C3F2-4BDF-9D8F-EBB5B21ECEC8}"
EndProject
Project("{9A19103F-16F7-4668-BE54-9A1E7A4F7556}") = "16_OOP_3_Encapsulation", "16_OPP_3_Encapsulation\16_OOP_3_Encapsulation.csproj", "{B0B8921E-A620-4B46-B5DF-7FC7552DCF10}"
EndProject
Project("{9A19103F-16F7-4668-BE54-9A1E7A4F7556}") = "16_OOP_4_Inheritance_3", "16_OOP_4_Inheritance_3\16_OOP_4_Inheritance_3.csproj", "{1CA90A90-8FB6-4884-B535-2FE6A9F5B6A2}"
EndProject
Project("{9A19103F-16F7-4668-BE54-9A1E7A4F7556}") = "16_OOP_4_Inheritance_4", "16_OOP_4_Inheritance_4\16_OOP_4_Inheritance_4.csproj", "{B50B88BD-9E49-4D45-B889-50115971232A}"
EndProject
Project("{9A19103F-16F7-4668-BE54-9A1E7A4F7556}") = "16_OOP_5_Enum", "16_OOP_5_Enum\16_OOP_5_Enum.csproj", "{09E9C894-A641-4B64-932B-B390739B4027}"
EndProject
Project("{9A19103F-16F7-4668-BE54-9A1E7A4F7556}") = "16_OOP_6_Polymorphism_1", "16_OOP_4_Polymorphism_1\16_OOP_6_Polymorphism_1.csproj", "{57388B7E-C631-4430-872E-5465664F90B5}"
EndProject
Project("{9A19103F-16F7-4668-BE54-9A1E7A4F7556}") = "16_OOP_6_Polymorphism_2", "16_OOP_4_Polymorphism_2\16_OOP_6_Polymorphism_2.csproj", "{F5100BDD-9196-47E4-95B5-CCE3AE761C63}"
EndProject
Project("{9A19103F-16F7-4668-BE54-9A1E7A4F7556}") = "16_OOP_6_Polymorphism_3", "16_OOP_4_Polymorphism_3\16_OOP_6_Polymorphism_3.csproj", "{79ADF582-2BF5-4A11-9F17-68C4E13ED3F8}"
EndProject
Project("{9A19103F-16F7-4668-BE54-9A1E7A4F7556}") = "16_OOP_Ogrenci", "16_OOP_Ogrenci\16_OOP_Ogrenci.csproj", "{C3E5EEA8-125E-4B3A-B196-260B5FED302F}"
EndProject
Project("{9A19103F-16F7-4668-BE54-9A1E7A4F7556}") = "16_OOP_7_Abstract_1", "16_OOP_7_Abstract_1\16_OOP_7_Abstract_1.csproj", "{F14BCA28-EC9C-4188-9966-A369A56C6F2A}"
EndProject
Project("{9A19103F-16F7-4668-BE54-9A1E7A4F7556}") = "16_OOP_7_Abstract_2", "16_OOP_7_Abstract_2\16_OOP_7_Abstract_2.csproj", "{853405CF-DF8F-45D3-BAB5-953D19EC8BE6}"
EndProject
Project("{9A19103F-16F7-4668-BE54-9A1E7A4F7556}") = "16_OOP_7_Abstract_3", "16_OOP_7_Abstract_3\16_OOP_7_Abstract_3.csproj", "{770FACAD-8115-4282-A46F-86C1D0D4119B}"
EndProject
Project("{9A19103F-16F7-4668-BE54-9A1E7A4F7556}") = "16_OOP_8_Interface_1", "16_OOP_8_Interface_1\16_OOP_8_Interface_1.csproj", "{EA1DAEF0-8AD2-4279-82C2-67A273358CE1}"
EndProject
Project("{9A19103F-16F7-4668-BE54-9A1E7A4F7556}") = "16_OOP_8_Interface_2", "16_OOP_8_Interface_2\16_OOP_8_Interface_2.csproj", "{AC325342-009D-46FA-84EB-7C56DE789104}"
EndProject
Project("{9A19103F-16F7-4668-BE54-9A1E7A4F7556}") = "16_OOP_8_Interface_3", "16_OOP_8_Interface_3\16_OOP_8_Interface_3.csproj", "{C58741E8-7637-40ED-B580-E55DB3397C47}"
EndProject
Project("{9A19103F-16F7-4668-BE54-9A1E7A4F7556}") = "17_GenericTypes", "17_GenericTypes\17_GenericTypes.csproj", "{D3E69210-0CB9-429E-85E8-317F06DDA2CE}"
EndProject
Project("{9A19103F-16F7-4668-BE54-9A1E7A4F7556}") = "16_OOP_4_Inheritance_1", "16_OOP_4_Inheritance_1\16_OOP_4_Inheritance_1.csproj", "{15C621C5-995A-4C7C-8320-CE4188B76DC4}"
EndProject
Project("{9A19103F-16F7-4668-BE54-9A1E7A4F7556}") = "16_OOP_4_Inheritance_2", "16_OOP_4_Inheritance_2\16_OOP_4_Inheritance_2.csproj", "{A83FD792-5AF6-42A2-8093-52D0EEACC9D4}"
EndProject
Project("{FAE04EC0-301F-11D3-BF4B-00C04F79EFBC}") = "18_FileOperations_1", "18_FileOperations_1\18_FileOperations_1.csproj", "{E9DA4717-E076-4166-AB20-88B3AD75B10A}"
EndProject
Project("{FAE04EC0-301F-11D3-BF4B-00C04F79EFBC}") = "18_FileOperations_2", "18_FileOperations_2\18_FileOperations_2.csproj", "{567C7BD1-861F-4469-8203-AEA5C40642AB}"
EndProject
Global
	GlobalSection(SolutionConfigurationPlatforms) = preSolution
		Debug|Any CPU = Debug|Any CPU
		Release|Any CPU = Release|Any CPU
	EndGlobalSection
	GlobalSection(ProjectConfigurationPlatforms) = postSolution
		{9501F95D-FFA6-4C37-AD6F-63E628676FDC}.Debug|Any CPU.ActiveCfg = Debug|Any CPU
		{9501F95D-FFA6-4C37-AD6F-63E628676FDC}.Debug|Any CPU.Build.0 = Debug|Any CPU
		{9501F95D-FFA6-4C37-AD6F-63E628676FDC}.Release|Any CPU.ActiveCfg = Release|Any CPU
		{9501F95D-FFA6-4C37-AD6F-63E628676FDC}.Release|Any CPU.Build.0 = Release|Any CPU
		{AE9F3FDC-453B-4405-AFFF-2C2CD57208EA}.Debug|Any CPU.ActiveCfg = Debug|Any CPU
		{AE9F3FDC-453B-4405-AFFF-2C2CD57208EA}.Debug|Any CPU.Build.0 = Debug|Any CPU
		{AE9F3FDC-453B-4405-AFFF-2C2CD57208EA}.Release|Any CPU.ActiveCfg = Release|Any CPU
		{AE9F3FDC-453B-4405-AFFF-2C2CD57208EA}.Release|Any CPU.Build.0 = Release|Any CPU
		{D2688FAD-DC3E-4672-B280-75D694A565E3}.Debug|Any CPU.ActiveCfg = Debug|Any CPU
		{D2688FAD-DC3E-4672-B280-75D694A565E3}.Debug|Any CPU.Build.0 = Debug|Any CPU
		{D2688FAD-DC3E-4672-B280-75D694A565E3}.Release|Any CPU.ActiveCfg = Release|Any CPU
		{D2688FAD-DC3E-4672-B280-75D694A565E3}.Release|Any CPU.Build.0 = Release|Any CPU
		{F7AFFCDD-9D2F-43B3-A54D-D804B46A349A}.Debug|Any CPU.ActiveCfg = Debug|Any CPU
		{F7AFFCDD-9D2F-43B3-A54D-D804B46A349A}.Debug|Any CPU.Build.0 = Debug|Any CPU
		{F7AFFCDD-9D2F-43B3-A54D-D804B46A349A}.Release|Any CPU.ActiveCfg = Release|Any CPU
		{F7AFFCDD-9D2F-43B3-A54D-D804B46A349A}.Release|Any CPU.Build.0 = Release|Any CPU
		{155A8F26-F286-44E3-A24B-2EE746F726D2}.Debug|Any CPU.ActiveCfg = Debug|Any CPU
		{155A8F26-F286-44E3-A24B-2EE746F726D2}.Debug|Any CPU.Build.0 = Debug|Any CPU
		{155A8F26-F286-44E3-A24B-2EE746F726D2}.Release|Any CPU.ActiveCfg = Release|Any CPU
		{155A8F26-F286-44E3-A24B-2EE746F726D2}.Release|Any CPU.Build.0 = Release|Any CPU
		{7D2923E5-733E-473E-B23C-B6221873BB22}.Debug|Any CPU.ActiveCfg = Debug|Any CPU
		{7D2923E5-733E-473E-B23C-B6221873BB22}.Debug|Any CPU.Build.0 = Debug|Any CPU
		{7D2923E5-733E-473E-B23C-B6221873BB22}.Release|Any CPU.ActiveCfg = Release|Any CPU
		{7D2923E5-733E-473E-B23C-B6221873BB22}.Release|Any CPU.Build.0 = Release|Any CPU
		{B8EC7394-9C53-4550-9BDE-B8FBA8597710}.Debug|Any CPU.ActiveCfg = Debug|Any CPU
		{B8EC7394-9C53-4550-9BDE-B8FBA8597710}.Debug|Any CPU.Build.0 = Debug|Any CPU
		{B8EC7394-9C53-4550-9BDE-B8FBA8597710}.Release|Any CPU.ActiveCfg = Release|Any CPU
		{B8EC7394-9C53-4550-9BDE-B8FBA8597710}.Release|Any CPU.Build.0 = Release|Any CPU
		{E9820054-4869-4DCC-9B05-4FAD5E6AAFFD}.Debug|Any CPU.ActiveCfg = Debug|Any CPU
		{E9820054-4869-4DCC-9B05-4FAD5E6AAFFD}.Debug|Any CPU.Build.0 = Debug|Any CPU
		{E9820054-4869-4DCC-9B05-4FAD5E6AAFFD}.Release|Any CPU.ActiveCfg = Release|Any CPU
		{E9820054-4869-4DCC-9B05-4FAD5E6AAFFD}.Release|Any CPU.Build.0 = Release|Any CPU
		{9EC85B91-78E0-48D5-BA6B-94CDBE4179F2}.Debug|Any CPU.ActiveCfg = Debug|Any CPU
		{9EC85B91-78E0-48D5-BA6B-94CDBE4179F2}.Debug|Any CPU.Build.0 = Debug|Any CPU
		{9EC85B91-78E0-48D5-BA6B-94CDBE4179F2}.Release|Any CPU.ActiveCfg = Release|Any CPU
		{9EC85B91-78E0-48D5-BA6B-94CDBE4179F2}.Release|Any CPU.Build.0 = Release|Any CPU
		{6E798D0B-3725-4777-8532-1CD23DC22EC8}.Debug|Any CPU.ActiveCfg = Debug|Any CPU
		{6E798D0B-3725-4777-8532-1CD23DC22EC8}.Debug|Any CPU.Build.0 = Debug|Any CPU
		{6E798D0B-3725-4777-8532-1CD23DC22EC8}.Release|Any CPU.ActiveCfg = Release|Any CPU
		{6E798D0B-3725-4777-8532-1CD23DC22EC8}.Release|Any CPU.Build.0 = Release|Any CPU
		{18BFF684-E7CE-4C1E-A620-02B1FFAC9011}.Debug|Any CPU.ActiveCfg = Debug|Any CPU
		{18BFF684-E7CE-4C1E-A620-02B1FFAC9011}.Debug|Any CPU.Build.0 = Debug|Any CPU
		{18BFF684-E7CE-4C1E-A620-02B1FFAC9011}.Release|Any CPU.ActiveCfg = Release|Any CPU
		{18BFF684-E7CE-4C1E-A620-02B1FFAC9011}.Release|Any CPU.Build.0 = Release|Any CPU
		{BF647586-F72C-46C2-B3F6-F5380F051099}.Debug|Any CPU.ActiveCfg = Debug|Any CPU
		{BF647586-F72C-46C2-B3F6-F5380F051099}.Debug|Any CPU.Build.0 = Debug|Any CPU
		{BF647586-F72C-46C2-B3F6-F5380F051099}.Release|Any CPU.ActiveCfg = Release|Any CPU
		{BF647586-F72C-46C2-B3F6-F5380F051099}.Release|Any CPU.Build.0 = Release|Any CPU
		{A549FB18-AE20-44F2-86AD-E84E93AE9C72}.Debug|Any CPU.ActiveCfg = Debug|Any CPU
		{A549FB18-AE20-44F2-86AD-E84E93AE9C72}.Debug|Any CPU.Build.0 = Debug|Any CPU
		{A549FB18-AE20-44F2-86AD-E84E93AE9C72}.Release|Any CPU.ActiveCfg = Release|Any CPU
		{A549FB18-AE20-44F2-86AD-E84E93AE9C72}.Release|Any CPU.Build.0 = Release|Any CPU
		{7022363C-24AD-4E43-BEC4-0D24C4396E7D}.Debug|Any CPU.ActiveCfg = Debug|Any CPU
		{7022363C-24AD-4E43-BEC4-0D24C4396E7D}.Debug|Any CPU.Build.0 = Debug|Any CPU
		{7022363C-24AD-4E43-BEC4-0D24C4396E7D}.Release|Any CPU.ActiveCfg = Release|Any CPU
		{7022363C-24AD-4E43-BEC4-0D24C4396E7D}.Release|Any CPU.Build.0 = Release|Any CPU
		{AA745266-E956-41E6-B3C8-5C28CC3A5779}.Debug|Any CPU.ActiveCfg = Debug|Any CPU
		{AA745266-E956-41E6-B3C8-5C28CC3A5779}.Debug|Any CPU.Build.0 = Debug|Any CPU
		{AA745266-E956-41E6-B3C8-5C28CC3A5779}.Release|Any CPU.ActiveCfg = Release|Any CPU
		{AA745266-E956-41E6-B3C8-5C28CC3A5779}.Release|Any CPU.Build.0 = Release|Any CPU
		{5517ED97-1399-4A5F-8834-3EBC0F1AA763}.Debug|Any CPU.ActiveCfg = Debug|Any CPU
		{5517ED97-1399-4A5F-8834-3EBC0F1AA763}.Debug|Any CPU.Build.0 = Debug|Any CPU
		{5517ED97-1399-4A5F-8834-3EBC0F1AA763}.Release|Any CPU.ActiveCfg = Release|Any CPU
		{5517ED97-1399-4A5F-8834-3EBC0F1AA763}.Release|Any CPU.Build.0 = Release|Any CPU
		{462CD1F8-5E29-43C4-B7B6-98A4D8184BAA}.Debug|Any CPU.ActiveCfg = Debug|Any CPU
		{462CD1F8-5E29-43C4-B7B6-98A4D8184BAA}.Debug|Any CPU.Build.0 = Debug|Any CPU
		{462CD1F8-5E29-43C4-B7B6-98A4D8184BAA}.Release|Any CPU.ActiveCfg = Release|Any CPU
		{462CD1F8-5E29-43C4-B7B6-98A4D8184BAA}.Release|Any CPU.Build.0 = Release|Any CPU
		{8FAE4B88-D99B-4793-B98E-9A417A29F882}.Debug|Any CPU.ActiveCfg = Debug|Any CPU
		{8FAE4B88-D99B-4793-B98E-9A417A29F882}.Debug|Any CPU.Build.0 = Debug|Any CPU
		{8FAE4B88-D99B-4793-B98E-9A417A29F882}.Release|Any CPU.ActiveCfg = Release|Any CPU
		{8FAE4B88-D99B-4793-B98E-9A417A29F882}.Release|Any CPU.Build.0 = Release|Any CPU
		{83FCD21A-1CAE-4010-A1A5-7DE89CC5D135}.Debug|Any CPU.ActiveCfg = Debug|Any CPU
		{83FCD21A-1CAE-4010-A1A5-7DE89CC5D135}.Debug|Any CPU.Build.0 = Debug|Any CPU
		{83FCD21A-1CAE-4010-A1A5-7DE89CC5D135}.Release|Any CPU.ActiveCfg = Release|Any CPU
		{83FCD21A-1CAE-4010-A1A5-7DE89CC5D135}.Release|Any CPU.Build.0 = Release|Any CPU
		{407901BC-878C-4021-9025-45F98F32C2F6}.Debug|Any CPU.ActiveCfg = Debug|Any CPU
		{407901BC-878C-4021-9025-45F98F32C2F6}.Debug|Any CPU.Build.0 = Debug|Any CPU
		{407901BC-878C-4021-9025-45F98F32C2F6}.Release|Any CPU.ActiveCfg = Release|Any CPU
		{407901BC-878C-4021-9025-45F98F32C2F6}.Release|Any CPU.Build.0 = Release|Any CPU
		{E0193007-9494-4F4D-9242-493269308E5C}.Debug|Any CPU.ActiveCfg = Debug|Any CPU
		{E0193007-9494-4F4D-9242-493269308E5C}.Debug|Any CPU.Build.0 = Debug|Any CPU
		{E0193007-9494-4F4D-9242-493269308E5C}.Release|Any CPU.ActiveCfg = Release|Any CPU
		{E0193007-9494-4F4D-9242-493269308E5C}.Release|Any CPU.Build.0 = Release|Any CPU
		{544C5C1D-54C4-41E5-B43B-311070719B1B}.Debug|Any CPU.ActiveCfg = Debug|Any CPU
		{544C5C1D-54C4-41E5-B43B-311070719B1B}.Debug|Any CPU.Build.0 = Debug|Any CPU
		{544C5C1D-54C4-41E5-B43B-311070719B1B}.Release|Any CPU.ActiveCfg = Release|Any CPU
		{544C5C1D-54C4-41E5-B43B-311070719B1B}.Release|Any CPU.Build.0 = Release|Any CPU
		{A7C44813-EA75-40AC-9191-DE1B670DFC27}.Debug|Any CPU.ActiveCfg = Debug|Any CPU
		{A7C44813-EA75-40AC-9191-DE1B670DFC27}.Debug|Any CPU.Build.0 = Debug|Any CPU
		{A7C44813-EA75-40AC-9191-DE1B670DFC27}.Release|Any CPU.ActiveCfg = Release|Any CPU
		{A7C44813-EA75-40AC-9191-DE1B670DFC27}.Release|Any CPU.Build.0 = Release|Any CPU
		{94D21123-AF6A-432B-A8AA-6842BC843C3F}.Debug|Any CPU.ActiveCfg = Debug|Any CPU
		{94D21123-AF6A-432B-A8AA-6842BC843C3F}.Debug|Any CPU.Build.0 = Debug|Any CPU
		{94D21123-AF6A-432B-A8AA-6842BC843C3F}.Release|Any CPU.ActiveCfg = Release|Any CPU
		{94D21123-AF6A-432B-A8AA-6842BC843C3F}.Release|Any CPU.Build.0 = Release|Any CPU
		{0929A11E-2CDA-450A-90B8-7B77F4C92157}.Debug|Any CPU.ActiveCfg = Debug|Any CPU
		{0929A11E-2CDA-450A-90B8-7B77F4C92157}.Debug|Any CPU.Build.0 = Debug|Any CPU
		{0929A11E-2CDA-450A-90B8-7B77F4C92157}.Release|Any CPU.ActiveCfg = Release|Any CPU
		{0929A11E-2CDA-450A-90B8-7B77F4C92157}.Release|Any CPU.Build.0 = Release|Any CPU
		{7E635C0E-BB02-45EC-867B-71C85B3C5E32}.Debug|Any CPU.ActiveCfg = Debug|Any CPU
		{7E635C0E-BB02-45EC-867B-71C85B3C5E32}.Debug|Any CPU.Build.0 = Debug|Any CPU
		{7E635C0E-BB02-45EC-867B-71C85B3C5E32}.Release|Any CPU.ActiveCfg = Release|Any CPU
		{7E635C0E-BB02-45EC-867B-71C85B3C5E32}.Release|Any CPU.Build.0 = Release|Any CPU
		{76597E44-73A0-4DF9-9B53-BA50A019EC3A}.Debug|Any CPU.ActiveCfg = Debug|Any CPU
		{76597E44-73A0-4DF9-9B53-BA50A019EC3A}.Debug|Any CPU.Build.0 = Debug|Any CPU
		{76597E44-73A0-4DF9-9B53-BA50A019EC3A}.Release|Any CPU.ActiveCfg = Release|Any CPU
		{76597E44-73A0-4DF9-9B53-BA50A019EC3A}.Release|Any CPU.Build.0 = Release|Any CPU
		{5323D118-190C-46FF-B0D7-40E1FF15612B}.Debug|Any CPU.ActiveCfg = Debug|Any CPU
		{5323D118-190C-46FF-B0D7-40E1FF15612B}.Debug|Any CPU.Build.0 = Debug|Any CPU
		{5323D118-190C-46FF-B0D7-40E1FF15612B}.Release|Any CPU.ActiveCfg = Release|Any CPU
		{5323D118-190C-46FF-B0D7-40E1FF15612B}.Release|Any CPU.Build.0 = Release|Any CPU
		{2C4EF377-DB46-4EFD-92FE-04CF0545C697}.Debug|Any CPU.ActiveCfg = Debug|Any CPU
		{2C4EF377-DB46-4EFD-92FE-04CF0545C697}.Debug|Any CPU.Build.0 = Debug|Any CPU
		{2C4EF377-DB46-4EFD-92FE-04CF0545C697}.Release|Any CPU.ActiveCfg = Release|Any CPU
		{2C4EF377-DB46-4EFD-92FE-04CF0545C697}.Release|Any CPU.Build.0 = Release|Any CPU
		{94D20B1C-A64D-4A38-A9DE-98049780B32A}.Debug|Any CPU.ActiveCfg = Debug|Any CPU
		{94D20B1C-A64D-4A38-A9DE-98049780B32A}.Debug|Any CPU.Build.0 = Debug|Any CPU
		{94D20B1C-A64D-4A38-A9DE-98049780B32A}.Release|Any CPU.ActiveCfg = Release|Any CPU
		{94D20B1C-A64D-4A38-A9DE-98049780B32A}.Release|Any CPU.Build.0 = Release|Any CPU
		{10E6D081-C3F2-4BDF-9D8F-EBB5B21ECEC8}.Debug|Any CPU.ActiveCfg = Debug|Any CPU
		{10E6D081-C3F2-4BDF-9D8F-EBB5B21ECEC8}.Debug|Any CPU.Build.0 = Debug|Any CPU
		{10E6D081-C3F2-4BDF-9D8F-EBB5B21ECEC8}.Release|Any CPU.ActiveCfg = Release|Any CPU
		{10E6D081-C3F2-4BDF-9D8F-EBB5B21ECEC8}.Release|Any CPU.Build.0 = Release|Any CPU
		{B0B8921E-A620-4B46-B5DF-7FC7552DCF10}.Debug|Any CPU.ActiveCfg = Debug|Any CPU
		{B0B8921E-A620-4B46-B5DF-7FC7552DCF10}.Debug|Any CPU.Build.0 = Debug|Any CPU
		{B0B8921E-A620-4B46-B5DF-7FC7552DCF10}.Release|Any CPU.ActiveCfg = Release|Any CPU
		{B0B8921E-A620-4B46-B5DF-7FC7552DCF10}.Release|Any CPU.Build.0 = Release|Any CPU
		{1CA90A90-8FB6-4884-B535-2FE6A9F5B6A2}.Debug|Any CPU.ActiveCfg = Debug|Any CPU
		{1CA90A90-8FB6-4884-B535-2FE6A9F5B6A2}.Debug|Any CPU.Build.0 = Debug|Any CPU
		{1CA90A90-8FB6-4884-B535-2FE6A9F5B6A2}.Release|Any CPU.ActiveCfg = Release|Any CPU
		{1CA90A90-8FB6-4884-B535-2FE6A9F5B6A2}.Release|Any CPU.Build.0 = Release|Any CPU
		{B50B88BD-9E49-4D45-B889-50115971232A}.Debug|Any CPU.ActiveCfg = Debug|Any CPU
		{B50B88BD-9E49-4D45-B889-50115971232A}.Debug|Any CPU.Build.0 = Debug|Any CPU
		{B50B88BD-9E49-4D45-B889-50115971232A}.Release|Any CPU.ActiveCfg = Release|Any CPU
		{B50B88BD-9E49-4D45-B889-50115971232A}.Release|Any CPU.Build.0 = Release|Any CPU
		{09E9C894-A641-4B64-932B-B390739B4027}.Debug|Any CPU.ActiveCfg = Debug|Any CPU
		{09E9C894-A641-4B64-932B-B390739B4027}.Debug|Any CPU.Build.0 = Debug|Any CPU
		{09E9C894-A641-4B64-932B-B390739B4027}.Release|Any CPU.ActiveCfg = Release|Any CPU
		{09E9C894-A641-4B64-932B-B390739B4027}.Release|Any CPU.Build.0 = Release|Any CPU
		{57388B7E-C631-4430-872E-5465664F90B5}.Debug|Any CPU.ActiveCfg = Debug|Any CPU
		{57388B7E-C631-4430-872E-5465664F90B5}.Debug|Any CPU.Build.0 = Debug|Any CPU
		{57388B7E-C631-4430-872E-5465664F90B5}.Release|Any CPU.ActiveCfg = Release|Any CPU
		{57388B7E-C631-4430-872E-5465664F90B5}.Release|Any CPU.Build.0 = Release|Any CPU
		{F5100BDD-9196-47E4-95B5-CCE3AE761C63}.Debug|Any CPU.ActiveCfg = Debug|Any CPU
		{F5100BDD-9196-47E4-95B5-CCE3AE761C63}.Debug|Any CPU.Build.0 = Debug|Any CPU
		{F5100BDD-9196-47E4-95B5-CCE3AE761C63}.Release|Any CPU.ActiveCfg = Release|Any CPU
		{F5100BDD-9196-47E4-95B5-CCE3AE761C63}.Release|Any CPU.Build.0 = Release|Any CPU
		{79ADF582-2BF5-4A11-9F17-68C4E13ED3F8}.Debug|Any CPU.ActiveCfg = Debug|Any CPU
		{79ADF582-2BF5-4A11-9F17-68C4E13ED3F8}.Debug|Any CPU.Build.0 = Debug|Any CPU
		{79ADF582-2BF5-4A11-9F17-68C4E13ED3F8}.Release|Any CPU.ActiveCfg = Release|Any CPU
		{79ADF582-2BF5-4A11-9F17-68C4E13ED3F8}.Release|Any CPU.Build.0 = Release|Any CPU
		{C3E5EEA8-125E-4B3A-B196-260B5FED302F}.Debug|Any CPU.ActiveCfg = Debug|Any CPU
		{C3E5EEA8-125E-4B3A-B196-260B5FED302F}.Debug|Any CPU.Build.0 = Debug|Any CPU
		{C3E5EEA8-125E-4B3A-B196-260B5FED302F}.Release|Any CPU.ActiveCfg = Release|Any CPU
		{C3E5EEA8-125E-4B3A-B196-260B5FED302F}.Release|Any CPU.Build.0 = Release|Any CPU
		{F14BCA28-EC9C-4188-9966-A369A56C6F2A}.Debug|Any CPU.ActiveCfg = Debug|Any CPU
		{F14BCA28-EC9C-4188-9966-A369A56C6F2A}.Debug|Any CPU.Build.0 = Debug|Any CPU
		{F14BCA28-EC9C-4188-9966-A369A56C6F2A}.Release|Any CPU.ActiveCfg = Release|Any CPU
		{F14BCA28-EC9C-4188-9966-A369A56C6F2A}.Release|Any CPU.Build.0 = Release|Any CPU
		{853405CF-DF8F-45D3-BAB5-953D19EC8BE6}.Debug|Any CPU.ActiveCfg = Debug|Any CPU
		{853405CF-DF8F-45D3-BAB5-953D19EC8BE6}.Debug|Any CPU.Build.0 = Debug|Any CPU
		{853405CF-DF8F-45D3-BAB5-953D19EC8BE6}.Release|Any CPU.ActiveCfg = Release|Any CPU
		{853405CF-DF8F-45D3-BAB5-953D19EC8BE6}.Release|Any CPU.Build.0 = Release|Any CPU
		{770FACAD-8115-4282-A46F-86C1D0D4119B}.Debug|Any CPU.ActiveCfg = Debug|Any CPU
		{770FACAD-8115-4282-A46F-86C1D0D4119B}.Debug|Any CPU.Build.0 = Debug|Any CPU
		{770FACAD-8115-4282-A46F-86C1D0D4119B}.Release|Any CPU.ActiveCfg = Release|Any CPU
		{770FACAD-8115-4282-A46F-86C1D0D4119B}.Release|Any CPU.Build.0 = Release|Any CPU
		{EA1DAEF0-8AD2-4279-82C2-67A273358CE1}.Debug|Any CPU.ActiveCfg = Debug|Any CPU
		{EA1DAEF0-8AD2-4279-82C2-67A273358CE1}.Debug|Any CPU.Build.0 = Debug|Any CPU
		{EA1DAEF0-8AD2-4279-82C2-67A273358CE1}.Release|Any CPU.ActiveCfg = Release|Any CPU
		{EA1DAEF0-8AD2-4279-82C2-67A273358CE1}.Release|Any CPU.Build.0 = Release|Any CPU
		{AC325342-009D-46FA-84EB-7C56DE789104}.Debug|Any CPU.ActiveCfg = Debug|Any CPU
		{AC325342-009D-46FA-84EB-7C56DE789104}.Debug|Any CPU.Build.0 = Debug|Any CPU
		{AC325342-009D-46FA-84EB-7C56DE789104}.Release|Any CPU.ActiveCfg = Release|Any CPU
		{AC325342-009D-46FA-84EB-7C56DE789104}.Release|Any CPU.Build.0 = Release|Any CPU
		{C58741E8-7637-40ED-B580-E55DB3397C47}.Debug|Any CPU.ActiveCfg = Debug|Any CPU
		{C58741E8-7637-40ED-B580-E55DB3397C47}.Debug|Any CPU.Build.0 = Debug|Any CPU
		{C58741E8-7637-40ED-B580-E55DB3397C47}.Release|Any CPU.ActiveCfg = Release|Any CPU
		{C58741E8-7637-40ED-B580-E55DB3397C47}.Release|Any CPU.Build.0 = Release|Any CPU
		{D3E69210-0CB9-429E-85E8-317F06DDA2CE}.Debug|Any CPU.ActiveCfg = Debug|Any CPU
		{D3E69210-0CB9-429E-85E8-317F06DDA2CE}.Debug|Any CPU.Build.0 = Debug|Any CPU
		{D3E69210-0CB9-429E-85E8-317F06DDA2CE}.Release|Any CPU.ActiveCfg = Release|Any CPU
		{D3E69210-0CB9-429E-85E8-317F06DDA2CE}.Release|Any CPU.Build.0 = Release|Any CPU
		{15C621C5-995A-4C7C-8320-CE4188B76DC4}.Debug|Any CPU.ActiveCfg = Debug|Any CPU
		{15C621C5-995A-4C7C-8320-CE4188B76DC4}.Debug|Any CPU.Build.0 = Debug|Any CPU
		{15C621C5-995A-4C7C-8320-CE4188B76DC4}.Release|Any CPU.ActiveCfg = Release|Any CPU
		{15C621C5-995A-4C7C-8320-CE4188B76DC4}.Release|Any CPU.Build.0 = Release|Any CPU
		{A83FD792-5AF6-42A2-8093-52D0EEACC9D4}.Debug|Any CPU.ActiveCfg = Debug|Any CPU
		{A83FD792-5AF6-42A2-8093-52D0EEACC9D4}.Debug|Any CPU.Build.0 = Debug|Any CPU
		{A83FD792-5AF6-42A2-8093-52D0EEACC9D4}.Release|Any CPU.ActiveCfg = Release|Any CPU
		{A83FD792-5AF6-42A2-8093-52D0EEACC9D4}.Release|Any CPU.Build.0 = Release|Any CPU
		{E9DA4717-E076-4166-AB20-88B3AD75B10A}.Debug|Any CPU.ActiveCfg = Debug|Any CPU
		{E9DA4717-E076-4166-AB20-88B3AD75B10A}.Debug|Any CPU.Build.0 = Debug|Any CPU
		{E9DA4717-E076-4166-AB20-88B3AD75B10A}.Release|Any CPU.ActiveCfg = Release|Any CPU
		{E9DA4717-E076-4166-AB20-88B3AD75B10A}.Release|Any CPU.Build.0 = Release|Any CPU
		{567C7BD1-861F-4469-8203-AEA5C40642AB}.Debug|Any CPU.ActiveCfg = Debug|Any CPU
		{567C7BD1-861F-4469-8203-AEA5C40642AB}.Debug|Any CPU.Build.0 = Debug|Any CPU
		{567C7BD1-861F-4469-8203-AEA5C40642AB}.Release|Any CPU.ActiveCfg = Release|Any CPU
		{567C7BD1-861F-4469-8203-AEA5C40642AB}.Release|Any CPU.Build.0 = Release|Any CPU
	EndGlobalSection
	GlobalSection(SolutionProperties) = preSolution
		HideSolutionNode = FALSE
	EndGlobalSection
	GlobalSection(ExtensibilityGlobals) = postSolution
		SolutionGuid = {10D16AD1-F518-43A3-8F53-D1144685B538}
	EndGlobalSection
EndGlobal
